
Microsoft Visual Studio Solution File, Format Version 12.00
# Visual Studio Version 16
VisualStudioVersion = 16.0.30114.105
MinimumVisualStudioVersion = 10.0.40219.1
Project("{FAE04EC0-301F-11D3-BF4B-00C04F79EFBC}") = "Stormotion_test_task", "Stormotion_test_task.csproj", "{A42A6A58-58B1-4121-9402-8BDADB09C76E}"
EndProject
Global
	GlobalSection(SolutionConfigurationPlatforms) = preSolution
		Debug|Any CPU = Debug|Any CPU
		Release|Any CPU = Release|Any CPU
	EndGlobalSection
	GlobalSection(ProjectConfigurationPlatforms) = postSolution
		{A42A6A58-58B1-4121-9402-8BDADB09C76E}.Debug|Any CPU.ActiveCfg = Debug|Any CPU
		{A42A6A58-58B1-4121-9402-8BDADB09C76E}.Debug|Any CPU.Build.0 = Debug|Any CPU
		{A42A6A58-58B1-4121-9402-8BDADB09C76E}.Release|Any CPU.ActiveCfg = Release|Any CPU
		{A42A6A58-58B1-4121-9402-8BDADB09C76E}.Release|Any CPU.Build.0 = Release|Any CPU
	EndGlobalSection
	GlobalSection(SolutionProperties) = preSolution
		HideSolutionNode = FALSE
	EndGlobalSection
	GlobalSection(ExtensibilityGlobals) = postSolution
		SolutionGuid = {858A3B9A-4A4C-4ADD-9178-7E192ED2AA33}
	EndGlobalSection
EndGlobal
